// !$*UTF8*$!
{
	archiveVersion = 1;
	classes = {
	};
	objectVersion = 46;
	objects = {

/* Begin PBXBuildFile section */
		7D33946F1B5113A100695639 /* AppDelegate.m in Sources */ = {isa = PBXBuildFile; fileRef = 7D33946E1B5113A100695639 /* AppDelegate.m */; };
		7D3394711B5113A100695639 /* main.m in Sources */ = {isa = PBXBuildFile; fileRef = 7D3394701B5113A100695639 /* main.m */; };
		7D3394741B5113A100695639 /* ViewController.m in Sources */ = {isa = PBXBuildFile; fileRef = 7D3394731B5113A100695639 /* ViewController.m */; };
		7D3394761B5113A100695639 /* Images.xcassets in Resources */ = {isa = PBXBuildFile; fileRef = 7D3394751B5113A100695639 /* Images.xcassets */; };
		7D3394791B5113A100695639 /* Main.storyboard in Resources */ = {isa = PBXBuildFile; fileRef = 7D3394771B5113A100695639 /* Main.storyboard */; };
		7D3394851B5113A100695639 /* mcvProjTests.m in Sources */ = {isa = PBXBuildFile; fileRef = 7D3394841B5113A100695639 /* mcvProjTests.m */; };
/* End PBXBuildFile section */

/* Begin PBXContainerItemProxy section */
		7D33947F1B5113A100695639 /* PBXContainerItemProxy */ = {
			isa = PBXContainerItemProxy;
			containerPortal = 7D3394601B5113A000695639 /* Project object */;
			proxyType = 1;
			remoteGlobalIDString = 7D3394671B5113A000695639;
			remoteInfo = mcvProj;
		};
/* End PBXContainerItemProxy section */

/* Begin PBXFileReference section */
		7D3394681B5113A000695639 /* mcvProj.app */ = {isa = PBXFileReference; explicitFileType = wrapper.application; includeInIndex = 0; path = mcvProj.app; sourceTree = BUILT_PRODUCTS_DIR; };
		7D33946C1B5113A100695639 /* Info.plist */ = {isa = PBXFileReference; lastKnownFileType = text.plist.xml; path = Info.plist; sourceTree = "<group>"; };
		7D33946D1B5113A100695639 /* AppDelegate.h */ = {isa = PBXFileReference; lastKnownFileType = sourcecode.c.h; path = AppDelegate.h; sourceTree = "<group>"; };
		7D33946E1B5113A100695639 /* AppDelegate.m */ = {isa = PBXFileReference; lastKnownFileType = sourcecode.c.objc; path = AppDelegate.m; sourceTree = "<group>"; };
		7D3394701B5113A100695639 /* main.m */ = {isa = PBXFileReference; lastKnownFileType = sourcecode.c.objc; path = main.m; sourceTree = "<group>"; };
		7D3394721B5113A100695639 /* ViewController.h */ = {isa = PBXFileReference; lastKnownFileType = sourcecode.c.h; path = ViewController.h; sourceTree = "<group>"; };
		7D3394731B5113A100695639 /* ViewController.m */ = {isa = PBXFileReference; lastKnownFileType = sourcecode.c.objc; path = ViewController.m; sourceTree = "<group>"; };
		7D3394751B5113A100695639 /* Images.xcassets */ = {isa = PBXFileReference; lastKnownFileType = folder.assetcatalog; path = Images.xcassets; sourceTree = "<group>"; };
		7D3394781B5113A100695639 /* Base */ = {isa = PBXFileReference; lastKnownFileType = file.storyboard; name = Base; path = Base.lproj/Main.storyboard; sourceTree = "<group>"; };
		7D33947E1B5113A100695639 /* mcvProjTests.xctest */ = {isa = PBXFileReference; explicitFileType = wrapper.cfbundle; includeInIndex = 0; path = mcvProjTests.xctest; sourceTree = BUILT_PRODUCTS_DIR; };
		7D3394831B5113A100695639 /* Info.plist */ = {isa = PBXFileReference; lastKnownFileType = text.plist.xml; path = Info.plist; sourceTree = "<group>"; };
		7D3394841B5113A100695639 /* mcvProjTests.m */ = {isa = PBXFileReference; lastKnownFileType = sourcecode.c.objc; path = mcvProjTests.m; sourceTree = "<group>"; };
/* End PBXFileReference section */

/* Begin PBXFrameworksBuildPhase section */
		7D3394651B5113A000695639 /* Frameworks */ = {
			isa = PBXFrameworksBuildPhase;
			buildActionMask = 2147483647;
			files = (
			);
			runOnlyForDeploymentPostprocessing = 0;
		};
		7D33947B1B5113A100695639 /* Frameworks */ = {
			isa = PBXFrameworksBuildPhase;
			buildActionMask = 2147483647;
			files = (
			);
			runOnlyForDeploymentPostprocessing = 0;
		};
/* End PBXFrameworksBuildPhase section */

/* Begin PBXGroup section */
		7D33945F1B5113A000695639 = {
			isa = PBXGroup;
			children = (
				7D33946A1B5113A000695639 /* mcvProj */,
				7D3394811B5113A100695639 /* mcvProjTests */,
				7D3394691B5113A000695639 /* Products */,
			);
			sourceTree = "<group>";
		};
		7D3394691B5113A000695639 /* Products */ = {
			isa = PBXGroup;
			children = (
				7D3394681B5113A000695639 /* mcvProj.app */,
				7D33947E1B5113A100695639 /* mcvProjTests.xctest */,
			);
			name = Products;
			sourceTree = "<group>";
		};
		7D33946A1B5113A000695639 /* mcvProj */ = {
			isa = PBXGroup;
			children = (
				7D33946D1B5113A100695639 /* AppDelegate.h */,
				7D33946E1B5113A100695639 /* AppDelegate.m */,
				7D3394721B5113A100695639 /* ViewController.h */,
				7D3394731B5113A100695639 /* ViewController.m */,
				7D3394751B5113A100695639 /* Images.xcassets */,
				7D3394771B5113A100695639 /* Main.storyboard */,
				7D33946B1B5113A000695639 /* Supporting Files */,
			);
			path = mcvProj;
			sourceTree = "<group>";
		};
		7D33946B1B5113A000695639 /* Supporting Files */ = {
			isa = PBXGroup;
			children = (
				7D33946C1B5113A100695639 /* Info.plist */,
				7D3394701B5113A100695639 /* main.m */,
			);
			name = "Supporting Files";
			sourceTree = "<group>";
		};
		7D3394811B5113A100695639 /* mcvProjTests */ = {
			isa = PBXGroup;
			children = (
				7D3394841B5113A100695639 /* mcvProjTests.m */,
				7D3394821B5113A100695639 /* Supporting Files */,
			);
			path = mcvProjTests;
			sourceTree = "<group>";
		};
		7D3394821B5113A100695639 /* Supporting Files */ = {
			isa = PBXGroup;
			children = (
				7D3394831B5113A100695639 /* Info.plist */,
			);
			name = "Supporting Files";
			sourceTree = "<group>";
		};
/* End PBXGroup section */

/* Begin PBXNativeTarget section */
		7D3394671B5113A000695639 /* mcvProj */ = {
			isa = PBXNativeTarget;
			buildConfigurationList = 7D3394881B5113A100695639 /* Build configuration list for PBXNativeTarget "mcvProj" */;
			buildPhases = (
				7D3394641B5113A000695639 /* Sources */,
				7D3394651B5113A000695639 /* Frameworks */,
				7D3394661B5113A000695639 /* Resources */,
			);
			buildRules = (
			);
			dependencies = (
			);
			name = mcvProj;
			productName = mcvProj;
			productReference = 7D3394681B5113A000695639 /* mcvProj.app */;
			productType = "com.apple.product-type.application";
		};
		7D33947D1B5113A100695639 /* mcvProjTests */ = {
			isa = PBXNativeTarget;
			buildConfigurationList = 7D33948B1B5113A100695639 /* Build configuration list for PBXNativeTarget "mcvProjTests" */;
			buildPhases = (
				7D33947A1B5113A100695639 /* Sources */,
				7D33947B1B5113A100695639 /* Frameworks */,
				7D33947C1B5113A100695639 /* Resources */,
			);
			buildRules = (
			);
			dependencies = (
				7D3394801B5113A100695639 /* PBXTargetDependency */,
			);
			name = mcvProjTests;
			productName = mcvProjTests;
			productReference = 7D33947E1B5113A100695639 /* mcvProjTests.xctest */;
			productType = "com.apple.product-type.bundle.unit-test";
		};
/* End PBXNativeTarget section */

/* Begin PBXProject section */
		7D3394601B5113A000695639 /* Project object */ = {
			isa = PBXProject;
			attributes = {
				LastUpgradeCheck = 0630;
				ORGANIZATIONNAME = ankitkrg.optimus;
				TargetAttributes = {
					7D3394671B5113A000695639 = {
						CreatedOnToolsVersion = 6.3;
					};
					7D33947D1B5113A100695639 = {
						CreatedOnToolsVersion = 6.3;
						TestTargetID = 7D3394671B5113A000695639;
					};
				};
			};
			buildConfigurationList = 7D3394631B5113A000695639 /* Build configuration list for PBXProject "mcvProj" */;
			compatibilityVersion = "Xcode 3.2";
			developmentRegion = English;
			hasScannedForEncodings = 0;
			knownRegions = (
				en,
				Base,
			);
			mainGroup = 7D33945F1B5113A000695639;
			productRefGroup = 7D3394691B5113A000695639 /* Products */;
			projectDirPath = "";
			projectRoot = "";
			targets = (
				7D3394671B5113A000695639 /* mcvProj */,
				7D33947D1B5113A100695639 /* mcvProjTests */,
			);
		};
/* End PBXProject section */

/* Begin PBXResourcesBuildPhase section */
		7D3394661B5113A000695639 /* Resources */ = {
			isa = PBXResourcesBuildPhase;
			buildActionMask = 2147483647;
			files = (
				7D3394761B5113A100695639 /* Images.xcassets in Resources */,
				7D3394791B5113A100695639 /* Main.storyboard in Resources */,
			);
			runOnlyForDeploymentPostprocessing = 0;
		};
		7D33947C1B5113A100695639 /* Resources */ = {
			isa = PBXResourcesBuildPhase;
			buildActionMask = 2147483647;
			files = (
			);
			runOnlyForDeploymentPostprocessing = 0;
		};
/* End PBXResourcesBuildPhase section */

/* Begin PBXSourcesBuildPhase section */
		7D3394641B5113A000695639 /* Sources */ = {
			isa = PBXSourcesBuildPhase;
			buildActionMask = 2147483647;
			files = (
				7D3394741B5113A100695639 /* ViewController.m in Sources */,
				7D3394711B5113A100695639 /* main.m in Sources */,
				7D33946F1B5113A100695639 /* AppDelegate.m in Sources */,
			);
			runOnlyForDeploymentPostprocessing = 0;
		};
		7D33947A1B5113A100695639 /* Sources */ = {
			isa = PBXSourcesBuildPhase;
			buildActionMask = 2147483647;
			files = (
				7D3394851B5113A100695639 /* mcvProjTests.m in Sources */,
			);
			runOnlyForDeploymentPostprocessing = 0;
		};
/* End PBXSourcesBuildPhase section */

/* Begin PBXTargetDependency section */
		7D3394801B5113A100695639 /* PBXTargetDependency */ = {
			isa = PBXTargetDependency;
			target = 7D3394671B5113A000695639 /* mcvProj */;
			targetProxy = 7D33947F1B5113A100695639 /* PBXContainerItemProxy */;
		};
/* End PBXTargetDependency section */

/* Begin PBXVariantGroup section */
		7D3394771B5113A100695639 /* Main.storyboard */ = {
			isa = PBXVariantGroup;
			children = (
				7D3394781B5113A100695639 /* Base */,
			);
			name = Main.storyboard;
			sourceTree = "<group>";
		};
/* End PBXVariantGroup section */

/* Begin XCBuildConfiguration section */
		7D3394861B5113A100695639 /* Debug */ = {
			isa = XCBuildConfiguration;
			buildSettings = {
				ALWAYS_SEARCH_USER_PATHS = NO;
				CLANG_CXX_LANGUAGE_STANDARD = "gnu++0x";
				CLANG_CXX_LIBRARY = "libc++";
				CLANG_ENABLE_MODULES = YES;
				CLANG_ENABLE_OBJC_ARC = YES;
				CLANG_WARN_BOOL_CONVERSION = YES;
				CLANG_WARN_CONSTANT_CONVERSION = YES;
				CLANG_WARN_DIRECT_OBJC_ISA_USAGE = YES_ERROR;
				CLANG_WARN_EMPTY_BODY = YES;
				CLANG_WARN_ENUM_CONVERSION = YES;
				CLANG_WARN_INT_CONVERSION = YES;
				CLANG_WARN_OBJC_ROOT_CLASS = YES_ERROR;
				CLANG_WARN_UNREACHABLE_CODE = YES;
				CLANG_WARN__DUPLICATE_METHOD_MATCH = YES;
				CODE_SIGN_IDENTITY = "-";
				COPY_PHASE_STRIP = NO;
				DEBUG_INFORMATION_FORMAT = dwarf;
				ENABLE_STRICT_OBJC_MSGSEND = YES;
				GCC_C_LANGUAGE_STANDARD = gnu99;
				GCC_DYNAMIC_NO_PIC = NO;
				GCC_NO_COMMON_BLOCKS = YES;
				GCC_OPTIMIZATION_LEVEL = 0;
				GCC_PREPROCESSOR_DEFINITIONS = (
					"DEBUG=1",
					"$(inherited)",
				);
				GCC_SYMBOLS_PRIVATE_EXTERN = NO;
				GCC_WARN_64_TO_32_BIT_CONVERSION = YES;
				GCC_WARN_ABOUT_RETURN_TYPE = YES_ERROR;
				GCC_WARN_UNDECLARED_SELECTOR = YES;
				GCC_WARN_UNINITIALIZED_AUTOS = YES_AGGRESSIVE;
				GCC_WARN_UNUSED_FUNCTION = YES;
				GCC_WARN_UNUSED_VARIABLE = YES;
				MACOSX_DEPLOYMENT_TARGET = 10.10;
				MTL_ENABLE_DEBUG_INFO = YES;
				ONLY_ACTIVE_ARCH = YES;
				SDKROOT = macosx;
			};
			name = Debug;
		};
		7D3394871B5113A100695639 /* Release */ = {
			isa = XCBuildConfiguration;
			buildSettings = {
				ALWAYS_SEARCH_USER_PATHS = NO;
				CLANG_CXX_LANGUAGE_STANDARD = "gnu++0x";
				CLANG_CXX_LIBRARY = "libc++";
				CLANG_ENABLE_MODULES = YES;
				CLANG_ENABLE_OBJC_ARC = YES;
				CLANG_WARN_BOOL_CONVERSION = YES;
				CLANG_WARN_CONSTANT_CONVERSION = YES;
				CLANG_WARN_DIRECT_OBJC_ISA_USAGE = YES_ERROR;
				CLANG_WARN_EMPTY_BODY = YES;
				CLANG_WARN_ENUM_CONVERSION = YES;
				CLANG_WARN_INT_CONVERSION = YES;
				CLANG_WARN_OBJC_ROOT_CLASS = YES_ERROR;
				CLANG_WARN_UNREACHABLE_CODE = YES;
				CLANG_WARN__DUPLICATE_METHOD_MATCH = YES;
				CODE_SIGN_IDENTITY = "-";
				COPY_PHASE_STRIP = NO;
				DEBUG_INFORMATION_FORMAT = "dwarf-with-dsym";
				ENABLE_NS_ASSERTIONS = NO;
				ENABLE_STRICT_OBJC_MSGSEND = YES;
				GCC_C_LANGUAGE_STANDARD = gnu99;
				GCC_NO_COMMON_BLOCKS = YES;
				GCC_WARN_64_TO_32_BIT_CONVERSION = YES;
				GCC_WARN_ABOUT_RETURN_TYPE = YES_ERROR;
				GCC_WARN_UNDECLARED_SELECTOR = YES;
				GCC_WARN_UNINITIALIZED_AUTOS = YES_AGGRESSIVE;
				GCC_WARN_UNUSED_FUNCTION = YES;
				GCC_WARN_UNUSED_VARIABLE = YES;
				MACOSX_DEPLOYMENT_TARGET = 10.10;
				MTL_ENABLE_DEBUG_INFO = NO;
				SDKROOT = macosx;
			};
			name = Release;
		};
		7D3394891B5113A100695639 /* Debug */ = {
			isa = XCBuildConfiguration;
			buildSettings = {
				ASSETCATALOG_COMPILER_APPICON_NAME = AppIcon;
				COMBINE_HIDPI_IMAGES = YES;
				INFOPLIST_FILE = mcvProj/Info.plist;
				LD_RUNPATH_SEARCH_PATHS = "$(inherited) @executable_path/../Frameworks";
				PRODUCT_NAME = "$(TARGET_NAME)";
			};
			name = Debug;
		};
		7D33948A1B5113A100695639 /* Release */ = {
			isa = XCBuildConfiguration;
			buildSettings = {
				ASSETCATALOG_COMPILER_APPICON_NAME = AppIcon;
				COMBINE_HIDPI_IMAGES = YES;
				INFOPLIST_FILE = mcvProj/Info.plist;
				LD_RUNPATH_SEARCH_PATHS = "$(inherited) @executable_path/../Frameworks";
				PRODUCT_NAME = "$(TARGET_NAME)";
			};
			name = Release;
		};
		7D33948C1B5113A100695639 /* Debug */ = {
			isa = XCBuildConfiguration;
			buildSettings = {
				BUNDLE_LOADER = "$(TEST_HOST)";
				COMBINE_HIDPI_IMAGES = YES;
				FRAMEWORK_SEARCH_PATHS = (
					"$(DEVELOPER_FRAMEWORKS_DIR)",
					"$(inherited)",
				);
				GCC_PREPROCESSOR_DEFINITIONS = (
					"DEBUG=1",
					"$(inherited)",
				);
				INFOPLIST_FILE = mcvProjTests/Info.plist;
				LD_RUNPATH_SEARCH_PATHS = "$(inherited) @executable_path/../Frameworks @loader_path/../Frameworks";
				PRODUCT_NAME = "$(TARGET_NAME)";
				TEST_HOST = "$(BUILT_PRODUCTS_DIR)/mcvProj.app/Contents/MacOS/mcvProj";
			};
			name = Debug;
		};
		7D33948D1B5113A100695639 /* Release */ = {
			isa = XCBuildConfiguration;
			buildSettings = {
				BUNDLE_LOADER = "$(TEST_HOST)";
				COMBINE_HIDPI_IMAGES = YES;
				FRAMEWORK_SEARCH_PATHS = (
					"$(DEVELOPER_FRAMEWORKS_DIR)",
					"$(inherited)",
				);
				INFOPLIST_FILE = mcvProjTests/Info.plist;
				LD_RUNPATH_SEARCH_PATHS = "$(inherited) @executable_path/../Frameworks @loader_path/../Frameworks";
				PRODUCT_NAME = "$(TARGET_NAME)";
				TEST_HOST = "$(BUILT_PRODUCTS_DIR)/mcvProj.app/Contents/MacOS/mcvProj";
			};
			name = Release;
		};
/* End XCBuildConfiguration section */

/* Begin XCConfigurationList section */
		7D3394631B5113A000695639 /* Build configuration list for PBXProject "mcvProj" */ = {
			isa = XCConfigurationList;
			buildConfigurations = (
				7D3394861B5113A100695639 /* Debug */,
				7D3394871B5113A100695639 /* Release */,
			);
			defaultConfigurationIsVisible = 0;
			defaultConfigurationName = Release;
		};
		7D3394881B5113A100695639 /* Build configuration list for PBXNativeTarget "mcvProj" */ = {
			isa = XCConfigurationList;
			buildConfigurations = (
				7D3394891B5113A100695639 /* Debug */,
				7D33948A1B5113A100695639 /* Release */,
			);
			defaultConfigurationIsVisible = 0;
		};
		7D33948B1B5113A100695639 /* Build configuration list for PBXNativeTarget "mcvProjTests" */ = {
			isa = XCConfigurationList;
			buildConfigurations = (
				7D33948C1B5113A100695639 /* Debug */,
				7D33948D1B5113A100695639 /* Release */,
			);
			defaultConfigurationIsVisible = 0;
		};
/* End XCConfigurationList section */
	};
	rootObject = 7D3394601B5113A000695639 /* Project object */;
}
