// !$*UTF8*$!
{
	archiveVersion = 1;
	classes = {
	};
	objectVersion = 46;
	objects = {

/* Begin PBXBuildFile section */
		7DC1B4001B51470A00C46436 /* AppDelegate.m in Sources */ = {isa = PBXBuildFile; fileRef = 7DC1B3FF1B51470A00C46436 /* AppDelegate.m */; };
		7DC1B4021B51470A00C46436 /* main.m in Sources */ = {isa = PBXBuildFile; fileRef = 7DC1B4011B51470A00C46436 /* main.m */; };
		7DC1B4051B51470A00C46436 /* ViewController.m in Sources */ = {isa = PBXBuildFile; fileRef = 7DC1B4041B51470A00C46436 /* ViewController.m */; };
		7DC1B4071B51470A00C46436 /* Images.xcassets in Resources */ = {isa = PBXBuildFile; fileRef = 7DC1B4061B51470A00C46436 /* Images.xcassets */; };
		7DC1B40A1B51470A00C46436 /* Main.storyboard in Resources */ = {isa = PBXBuildFile; fileRef = 7DC1B4081B51470A00C46436 /* Main.storyboard */; };
		7DC1B4161B51470A00C46436 /* singletonPatternTests.m in Sources */ = {isa = PBXBuildFile; fileRef = 7DC1B4151B51470A00C46436 /* singletonPatternTests.m */; };
/* End PBXBuildFile section */

/* Begin PBXContainerItemProxy section */
		7DC1B4101B51470A00C46436 /* PBXContainerItemProxy */ = {
			isa = PBXContainerItemProxy;
			containerPortal = 7DC1B3F11B51470A00C46436 /* Project object */;
			proxyType = 1;
			remoteGlobalIDString = 7DC1B3F81B51470A00C46436;
			remoteInfo = singletonPattern;
		};
/* End PBXContainerItemProxy section */

/* Begin PBXFileReference section */
		7DC1B3F91B51470A00C46436 /* singletonPattern.app */ = {isa = PBXFileReference; explicitFileType = wrapper.application; includeInIndex = 0; path = singletonPattern.app; sourceTree = BUILT_PRODUCTS_DIR; };
		7DC1B3FD1B51470A00C46436 /* Info.plist */ = {isa = PBXFileReference; lastKnownFileType = text.plist.xml; path = Info.plist; sourceTree = "<group>"; };
		7DC1B3FE1B51470A00C46436 /* AppDelegate.h */ = {isa = PBXFileReference; lastKnownFileType = sourcecode.c.h; path = AppDelegate.h; sourceTree = "<group>"; };
		7DC1B3FF1B51470A00C46436 /* AppDelegate.m */ = {isa = PBXFileReference; lastKnownFileType = sourcecode.c.objc; path = AppDelegate.m; sourceTree = "<group>"; };
		7DC1B4011B51470A00C46436 /* main.m */ = {isa = PBXFileReference; lastKnownFileType = sourcecode.c.objc; path = main.m; sourceTree = "<group>"; };
		7DC1B4031B51470A00C46436 /* ViewController.h */ = {isa = PBXFileReference; lastKnownFileType = sourcecode.c.h; path = ViewController.h; sourceTree = "<group>"; };
		7DC1B4041B51470A00C46436 /* ViewController.m */ = {isa = PBXFileReference; lastKnownFileType = sourcecode.c.objc; path = ViewController.m; sourceTree = "<group>"; };
		7DC1B4061B51470A00C46436 /* Images.xcassets */ = {isa = PBXFileReference; lastKnownFileType = folder.assetcatalog; path = Images.xcassets; sourceTree = "<group>"; };
		7DC1B4091B51470A00C46436 /* Base */ = {isa = PBXFileReference; lastKnownFileType = file.storyboard; name = Base; path = Base.lproj/Main.storyboard; sourceTree = "<group>"; };
		7DC1B40F1B51470A00C46436 /* singletonPatternTests.xctest */ = {isa = PBXFileReference; explicitFileType = wrapper.cfbundle; includeInIndex = 0; path = singletonPatternTests.xctest; sourceTree = BUILT_PRODUCTS_DIR; };
		7DC1B4141B51470A00C46436 /* Info.plist */ = {isa = PBXFileReference; lastKnownFileType = text.plist.xml; path = Info.plist; sourceTree = "<group>"; };
		7DC1B4151B51470A00C46436 /* singletonPatternTests.m */ = {isa = PBXFileReference; lastKnownFileType = sourcecode.c.objc; path = singletonPatternTests.m; sourceTree = "<group>"; };
/* End PBXFileReference section */

/* Begin PBXFrameworksBuildPhase section */
		7DC1B3F61B51470A00C46436 /* Frameworks */ = {
			isa = PBXFrameworksBuildPhase;
			buildActionMask = 2147483647;
			files = (
			);
			runOnlyForDeploymentPostprocessing = 0;
		};
		7DC1B40C1B51470A00C46436 /* Frameworks */ = {
			isa = PBXFrameworksBuildPhase;
			buildActionMask = 2147483647;
			files = (
			);
			runOnlyForDeploymentPostprocessing = 0;
		};
/* End PBXFrameworksBuildPhase section */

/* Begin PBXGroup section */
		7DC1B3F01B51470A00C46436 = {
			isa = PBXGroup;
			children = (
				7DC1B3FB1B51470A00C46436 /* singletonPattern */,
				7DC1B4121B51470A00C46436 /* singletonPatternTests */,
				7DC1B3FA1B51470A00C46436 /* Products */,
			);
			sourceTree = "<group>";
		};
		7DC1B3FA1B51470A00C46436 /* Products */ = {
			isa = PBXGroup;
			children = (
				7DC1B3F91B51470A00C46436 /* singletonPattern.app */,
				7DC1B40F1B51470A00C46436 /* singletonPatternTests.xctest */,
			);
			name = Products;
			sourceTree = "<group>";
		};
		7DC1B3FB1B51470A00C46436 /* singletonPattern */ = {
			isa = PBXGroup;
			children = (
				7DC1B3FE1B51470A00C46436 /* AppDelegate.h */,
				7DC1B3FF1B51470A00C46436 /* AppDelegate.m */,
				7DC1B4031B51470A00C46436 /* ViewController.h */,
				7DC1B4041B51470A00C46436 /* ViewController.m */,
				7DC1B4061B51470A00C46436 /* Images.xcassets */,
				7DC1B4081B51470A00C46436 /* Main.storyboard */,
				7DC1B3FC1B51470A00C46436 /* Supporting Files */,
			);
			path = singletonPattern;
			sourceTree = "<group>";
		};
		7DC1B3FC1B51470A00C46436 /* Supporting Files */ = {
			isa = PBXGroup;
			children = (
				7DC1B3FD1B51470A00C46436 /* Info.plist */,
				7DC1B4011B51470A00C46436 /* main.m */,
			);
			name = "Supporting Files";
			sourceTree = "<group>";
		};
		7DC1B4121B51470A00C46436 /* singletonPatternTests */ = {
			isa = PBXGroup;
			children = (
				7DC1B4151B51470A00C46436 /* singletonPatternTests.m */,
				7DC1B4131B51470A00C46436 /* Supporting Files */,
			);
			path = singletonPatternTests;
			sourceTree = "<group>";
		};
		7DC1B4131B51470A00C46436 /* Supporting Files */ = {
			isa = PBXGroup;
			children = (
				7DC1B4141B51470A00C46436 /* Info.plist */,
			);
			name = "Supporting Files";
			sourceTree = "<group>";
		};
/* End PBXGroup section */

/* Begin PBXNativeTarget section */
		7DC1B3F81B51470A00C46436 /* singletonPattern */ = {
			isa = PBXNativeTarget;
			buildConfigurationList = 7DC1B4191B51470A00C46436 /* Build configuration list for PBXNativeTarget "singletonPattern" */;
			buildPhases = (
				7DC1B3F51B51470A00C46436 /* Sources */,
				7DC1B3F61B51470A00C46436 /* Frameworks */,
				7DC1B3F71B51470A00C46436 /* Resources */,
			);
			buildRules = (
			);
			dependencies = (
			);
			name = singletonPattern;
			productName = singletonPattern;
			productReference = 7DC1B3F91B51470A00C46436 /* singletonPattern.app */;
			productType = "com.apple.product-type.application";
		};
		7DC1B40E1B51470A00C46436 /* singletonPatternTests */ = {
			isa = PBXNativeTarget;
			buildConfigurationList = 7DC1B41C1B51470A00C46436 /* Build configuration list for PBXNativeTarget "singletonPatternTests" */;
			buildPhases = (
				7DC1B40B1B51470A00C46436 /* Sources */,
				7DC1B40C1B51470A00C46436 /* Frameworks */,
				7DC1B40D1B51470A00C46436 /* Resources */,
			);
			buildRules = (
			);
			dependencies = (
				7DC1B4111B51470A00C46436 /* PBXTargetDependency */,
			);
			name = singletonPatternTests;
			productName = singletonPatternTests;
			productReference = 7DC1B40F1B51470A00C46436 /* singletonPatternTests.xctest */;
			productType = "com.apple.product-type.bundle.unit-test";
		};
/* End PBXNativeTarget section */

/* Begin PBXProject section */
		7DC1B3F11B51470A00C46436 /* Project object */ = {
			isa = PBXProject;
			attributes = {
				LastUpgradeCheck = 0630;
				ORGANIZATIONNAME = ankitkrg.optimus;
				TargetAttributes = {
					7DC1B3F81B51470A00C46436 = {
						CreatedOnToolsVersion = 6.3;
					};
					7DC1B40E1B51470A00C46436 = {
						CreatedOnToolsVersion = 6.3;
						TestTargetID = 7DC1B3F81B51470A00C46436;
					};
				};
			};
			buildConfigurationList = 7DC1B3F41B51470A00C46436 /* Build configuration list for PBXProject "singletonPattern" */;
			compatibilityVersion = "Xcode 3.2";
			developmentRegion = English;
			hasScannedForEncodings = 0;
			knownRegions = (
				en,
				Base,
			);
			mainGroup = 7DC1B3F01B51470A00C46436;
			productRefGroup = 7DC1B3FA1B51470A00C46436 /* Products */;
			projectDirPath = "";
			projectRoot = "";
			targets = (
				7DC1B3F81B51470A00C46436 /* singletonPattern */,
				7DC1B40E1B51470A00C46436 /* singletonPatternTests */,
			);
		};
/* End PBXProject section */

/* Begin PBXResourcesBuildPhase section */
		7DC1B3F71B51470A00C46436 /* Resources */ = {
			isa = PBXResourcesBuildPhase;
			buildActionMask = 2147483647;
			files = (
				7DC1B4071B51470A00C46436 /* Images.xcassets in Resources */,
				7DC1B40A1B51470A00C46436 /* Main.storyboard in Resources */,
			);
			runOnlyForDeploymentPostprocessing = 0;
		};
		7DC1B40D1B51470A00C46436 /* Resources */ = {
			isa = PBXResourcesBuildPhase;
			buildActionMask = 2147483647;
			files = (
			);
			runOnlyForDeploymentPostprocessing = 0;
		};
/* End PBXResourcesBuildPhase section */

/* Begin PBXSourcesBuildPhase section */
		7DC1B3F51B51470A00C46436 /* Sources */ = {
			isa = PBXSourcesBuildPhase;
			buildActionMask = 2147483647;
			files = (
				7DC1B4051B51470A00C46436 /* ViewController.m in Sources */,
				7DC1B4021B51470A00C46436 /* main.m in Sources */,
				7DC1B4001B51470A00C46436 /* AppDelegate.m in Sources */,
			);
			runOnlyForDeploymentPostprocessing = 0;
		};
		7DC1B40B1B51470A00C46436 /* Sources */ = {
			isa = PBXSourcesBuildPhase;
			buildActionMask = 2147483647;
			files = (
				7DC1B4161B51470A00C46436 /* singletonPatternTests.m in Sources */,
			);
			runOnlyForDeploymentPostprocessing = 0;
		};
/* End PBXSourcesBuildPhase section */

/* Begin PBXTargetDependency section */
		7DC1B4111B51470A00C46436 /* PBXTargetDependency */ = {
			isa = PBXTargetDependency;
			target = 7DC1B3F81B51470A00C46436 /* singletonPattern */;
			targetProxy = 7DC1B4101B51470A00C46436 /* PBXContainerItemProxy */;
		};
/* End PBXTargetDependency section */

/* Begin PBXVariantGroup section */
		7DC1B4081B51470A00C46436 /* Main.storyboard */ = {
			isa = PBXVariantGroup;
			children = (
				7DC1B4091B51470A00C46436 /* Base */,
			);
			name = Main.storyboard;
			sourceTree = "<group>";
		};
/* End PBXVariantGroup section */

/* Begin XCBuildConfiguration section */
		7DC1B4171B51470A00C46436 /* Debug */ = {
			isa = XCBuildConfiguration;
			buildSettings = {
				ALWAYS_SEARCH_USER_PATHS = NO;
				CLANG_CXX_LANGUAGE_STANDARD = "gnu++0x";
				CLANG_CXX_LIBRARY = "libc++";
				CLANG_ENABLE_MODULES = YES;
				CLANG_ENABLE_OBJC_ARC = YES;
				CLANG_WARN_BOOL_CONVERSION = YES;
				CLANG_WARN_CONSTANT_CONVERSION = YES;
				CLANG_WARN_DIRECT_OBJC_ISA_USAGE = YES_ERROR;
				CLANG_WARN_EMPTY_BODY = YES;
				CLANG_WARN_ENUM_CONVERSION = YES;
				CLANG_WARN_INT_CONVERSION = YES;
				CLANG_WARN_OBJC_ROOT_CLASS = YES_ERROR;
				CLANG_WARN_UNREACHABLE_CODE = YES;
				CLANG_WARN__DUPLICATE_METHOD_MATCH = YES;
				CODE_SIGN_IDENTITY = "-";
				COPY_PHASE_STRIP = NO;
				DEBUG_INFORMATION_FORMAT = dwarf;
				ENABLE_STRICT_OBJC_MSGSEND = YES;
				GCC_C_LANGUAGE_STANDARD = gnu99;
				GCC_DYNAMIC_NO_PIC = NO;
				GCC_NO_COMMON_BLOCKS = YES;
				GCC_OPTIMIZATION_LEVEL = 0;
				GCC_PREPROCESSOR_DEFINITIONS = (
					"DEBUG=1",
					"$(inherited)",
				);
				GCC_SYMBOLS_PRIVATE_EXTERN = NO;
				GCC_WARN_64_TO_32_BIT_CONVERSION = YES;
				GCC_WARN_ABOUT_RETURN_TYPE = YES_ERROR;
				GCC_WARN_UNDECLARED_SELECTOR = YES;
				GCC_WARN_UNINITIALIZED_AUTOS = YES_AGGRESSIVE;
				GCC_WARN_UNUSED_FUNCTION = YES;
				GCC_WARN_UNUSED_VARIABLE = YES;
				MACOSX_DEPLOYMENT_TARGET = 10.10;
				MTL_ENABLE_DEBUG_INFO = YES;
				ONLY_ACTIVE_ARCH = YES;
				SDKROOT = macosx;
			};
			name = Debug;
		};
		7DC1B4181B51470A00C46436 /* Release */ = {
			isa = XCBuildConfiguration;
			buildSettings = {
				ALWAYS_SEARCH_USER_PATHS = NO;
				CLANG_CXX_LANGUAGE_STANDARD = "gnu++0x";
				CLANG_CXX_LIBRARY = "libc++";
				CLANG_ENABLE_MODULES = YES;
				CLANG_ENABLE_OBJC_ARC = YES;
				CLANG_WARN_BOOL_CONVERSION = YES;
				CLANG_WARN_CONSTANT_CONVERSION = YES;
				CLANG_WARN_DIRECT_OBJC_ISA_USAGE = YES_ERROR;
				CLANG_WARN_EMPTY_BODY = YES;
				CLANG_WARN_ENUM_CONVERSION = YES;
				CLANG_WARN_INT_CONVERSION = YES;
				CLANG_WARN_OBJC_ROOT_CLASS = YES_ERROR;
				CLANG_WARN_UNREACHABLE_CODE = YES;
				CLANG_WARN__DUPLICATE_METHOD_MATCH = YES;
				CODE_SIGN_IDENTITY = "-";
				COPY_PHASE_STRIP = NO;
				DEBUG_INFORMATION_FORMAT = "dwarf-with-dsym";
				ENABLE_NS_ASSERTIONS = NO;
				ENABLE_STRICT_OBJC_MSGSEND = YES;
				GCC_C_LANGUAGE_STANDARD = gnu99;
				GCC_NO_COMMON_BLOCKS = YES;
				GCC_WARN_64_TO_32_BIT_CONVERSION = YES;
				GCC_WARN_ABOUT_RETURN_TYPE = YES_ERROR;
				GCC_WARN_UNDECLARED_SELECTOR = YES;
				GCC_WARN_UNINITIALIZED_AUTOS = YES_AGGRESSIVE;
				GCC_WARN_UNUSED_FUNCTION = YES;
				GCC_WARN_UNUSED_VARIABLE = YES;
				MACOSX_DEPLOYMENT_TARGET = 10.10;
				MTL_ENABLE_DEBUG_INFO = NO;
				SDKROOT = macosx;
			};
			name = Release;
		};
		7DC1B41A1B51470A00C46436 /* Debug */ = {
			isa = XCBuildConfiguration;
			buildSettings = {
				ASSETCATALOG_COMPILER_APPICON_NAME = AppIcon;
				COMBINE_HIDPI_IMAGES = YES;
				INFOPLIST_FILE = singletonPattern/Info.plist;
				LD_RUNPATH_SEARCH_PATHS = "$(inherited) @executable_path/../Frameworks";
				PRODUCT_NAME = "$(TARGET_NAME)";
			};
			name = Debug;
		};
		7DC1B41B1B51470A00C46436 /* Release */ = {
			isa = XCBuildConfiguration;
			buildSettings = {
				ASSETCATALOG_COMPILER_APPICON_NAME = AppIcon;
				COMBINE_HIDPI_IMAGES = YES;
				INFOPLIST_FILE = singletonPattern/Info.plist;
				LD_RUNPATH_SEARCH_PATHS = "$(inherited) @executable_path/../Frameworks";
				PRODUCT_NAME = "$(TARGET_NAME)";
			};
			name = Release;
		};
		7DC1B41D1B51470A00C46436 /* Debug */ = {
			isa = XCBuildConfiguration;
			buildSettings = {
				BUNDLE_LOADER = "$(TEST_HOST)";
				COMBINE_HIDPI_IMAGES = YES;
				FRAMEWORK_SEARCH_PATHS = (
					"$(DEVELOPER_FRAMEWORKS_DIR)",
					"$(inherited)",
				);
				GCC_PREPROCESSOR_DEFINITIONS = (
					"DEBUG=1",
					"$(inherited)",
				);
				INFOPLIST_FILE = singletonPatternTests/Info.plist;
				LD_RUNPATH_SEARCH_PATHS = "$(inherited) @executable_path/../Frameworks @loader_path/../Frameworks";
				PRODUCT_NAME = "$(TARGET_NAME)";
				TEST_HOST = "$(BUILT_PRODUCTS_DIR)/singletonPattern.app/Contents/MacOS/singletonPattern";
			};
			name = Debug;
		};
		7DC1B41E1B51470A00C46436 /* Release */ = {
			isa = XCBuildConfiguration;
			buildSettings = {
				BUNDLE_LOADER = "$(TEST_HOST)";
				COMBINE_HIDPI_IMAGES = YES;
				FRAMEWORK_SEARCH_PATHS = (
					"$(DEVELOPER_FRAMEWORKS_DIR)",
					"$(inherited)",
				);
				INFOPLIST_FILE = singletonPatternTests/Info.plist;
				LD_RUNPATH_SEARCH_PATHS = "$(inherited) @executable_path/../Frameworks @loader_path/../Frameworks";
				PRODUCT_NAME = "$(TARGET_NAME)";
				TEST_HOST = "$(BUILT_PRODUCTS_DIR)/singletonPattern.app/Contents/MacOS/singletonPattern";
			};
			name = Release;
		};
/* End XCBuildConfiguration section */

/* Begin XCConfigurationList section */
		7DC1B3F41B51470A00C46436 /* Build configuration list for PBXProject "singletonPattern" */ = {
			isa = XCConfigurationList;
			buildConfigurations = (
				7DC1B4171B51470A00C46436 /* Debug */,
				7DC1B4181B51470A00C46436 /* Release */,
			);
			defaultConfigurationIsVisible = 0;
			defaultConfigurationName = Release;
		};
		7DC1B4191B51470A00C46436 /* Build configuration list for PBXNativeTarget "singletonPattern" */ = {
			isa = XCConfigurationList;
			buildConfigurations = (
				7DC1B41A1B51470A00C46436 /* Debug */,
				7DC1B41B1B51470A00C46436 /* Release */,
			);
			defaultConfigurationIsVisible = 0;
		};
		7DC1B41C1B51470A00C46436 /* Build configuration list for PBXNativeTarget "singletonPatternTests" */ = {
			isa = XCConfigurationList;
			buildConfigurations = (
				7DC1B41D1B51470A00C46436 /* Debug */,
				7DC1B41E1B51470A00C46436 /* Release */,
			);
			defaultConfigurationIsVisible = 0;
		};
/* End XCConfigurationList section */
	};
	rootObject = 7DC1B3F11B51470A00C46436 /* Project object */;
}
